
Microsoft Visual Studio Solution File, Format Version 12.00
# Visual Studio Version 17
VisualStudioVersion = 17.5.002.0
MinimumVisualStudioVersion = 10.0.40219.1
Project("{9A19103F-16F7-4668-BE54-9A1E7A4F7556}") = "DesafioFundamentos", "DesafioFundamentos\DesafioFundamentos.csproj", "{86F0C07E-54F7-467A-B3F3-8415661EE99A}"
EndProject
Global
	GlobalSection(SolutionConfigurationPlatforms) = preSolution
		Debug|Any CPU = Debug|Any CPU
		Release|Any CPU = Release|Any CPU
	EndGlobalSection
	GlobalSection(ProjectConfigurationPlatforms) = postSolution
		{86F0C07E-54F7-467A-B3F3-8415661EE99A}.Debug|Any CPU.ActiveCfg = Debug|Any CPU
		{86F0C07E-54F7-467A-B3F3-8415661EE99A}.Debug|Any CPU.Build.0 = Debug|Any CPU
		{86F0C07E-54F7-467A-B3F3-8415661EE99A}.Release|Any CPU.ActiveCfg = Release|Any CPU
		{86F0C07E-54F7-467A-B3F3-8415661EE99A}.Release|Any CPU.Build.0 = Release|Any CPU
	EndGlobalSection
	GlobalSection(SolutionProperties) = preSolution
		HideSolutionNode = FALSE
	EndGlobalSection
	GlobalSection(ExtensibilityGlobals) = postSolution
		SolutionGuid = {935F179D-EA2B-4F82-90B9-8020EFB30038}
	EndGlobalSection
EndGlobal
